
Microsoft Visual Studio Solution File, Format Version 12.00
# Visual Studio 15
VisualStudioVersion = 15.0.27703.2026
MinimumVisualStudioVersion = 10.0.40219.1
Project("{FAE04EC0-301F-11D3-BF4B-00C04F79EFBC}") = "PerformanceTester.Types", "PerformanceTester.Types\PerformanceTester.Types.csproj", "{210FFB5D-CEDB-4F3D-93FF-AAD42EC1E67F}"
EndProject
Project("{FAE04EC0-301F-11D3-BF4B-00C04F79EFBC}") = "PerformanceTester.CosmosDb", "PerformanceTester.CosmosDb\PerformanceTester.CosmosDb.csproj", "{116614F6-42A2-4F95-85A8-C9EF94745FE1}"
EndProject
Project("{FAE04EC0-301F-11D3-BF4B-00C04F79EFBC}") = "PerformanceTester", "PerformanceTester\PerformanceTester.csproj", "{7C3D5B06-8A4F-4FB2-ADA1-7D4B3969C45F}"
EndProject
Project("{FAE04EC0-301F-11D3-BF4B-00C04F79EFBC}") = "PerformanceTester.Tests", "PerformanceTester.Tests\PerformanceTester.Tests.csproj", "{F83FBB17-5CBB-4AAE-AB2E-D280BF4682DD}"
EndProject
Project("{FAE04EC0-301F-11D3-BF4B-00C04F79EFBC}") = "PerformanceTester.ElasticDb", "PerformanceTester.ElasticDb\PerformanceTester.ElasticDb.csproj", "{72FA7BF3-C700-47C3-A7F6-5F514C3A0FFE}"
EndProject
Global
	GlobalSection(SolutionConfigurationPlatforms) = preSolution
		Debug|Any CPU = Debug|Any CPU
		Release|Any CPU = Release|Any CPU
	EndGlobalSection
	GlobalSection(ProjectConfigurationPlatforms) = postSolution
		{210FFB5D-CEDB-4F3D-93FF-AAD42EC1E67F}.Debug|Any CPU.ActiveCfg = Debug|Any CPU
		{210FFB5D-CEDB-4F3D-93FF-AAD42EC1E67F}.Debug|Any CPU.Build.0 = Debug|Any CPU
		{210FFB5D-CEDB-4F3D-93FF-AAD42EC1E67F}.Release|Any CPU.ActiveCfg = Release|Any CPU
		{210FFB5D-CEDB-4F3D-93FF-AAD42EC1E67F}.Release|Any CPU.Build.0 = Release|Any CPU
		{116614F6-42A2-4F95-85A8-C9EF94745FE1}.Debug|Any CPU.ActiveCfg = Debug|Any CPU
		{116614F6-42A2-4F95-85A8-C9EF94745FE1}.Debug|Any CPU.Build.0 = Debug|Any CPU
		{116614F6-42A2-4F95-85A8-C9EF94745FE1}.Release|Any CPU.ActiveCfg = Release|Any CPU
		{116614F6-42A2-4F95-85A8-C9EF94745FE1}.Release|Any CPU.Build.0 = Release|Any CPU
		{7C3D5B06-8A4F-4FB2-ADA1-7D4B3969C45F}.Debug|Any CPU.ActiveCfg = Debug|Any CPU
		{7C3D5B06-8A4F-4FB2-ADA1-7D4B3969C45F}.Debug|Any CPU.Build.0 = Debug|Any CPU
		{7C3D5B06-8A4F-4FB2-ADA1-7D4B3969C45F}.Release|Any CPU.ActiveCfg = Release|Any CPU
		{7C3D5B06-8A4F-4FB2-ADA1-7D4B3969C45F}.Release|Any CPU.Build.0 = Release|Any CPU
		{F83FBB17-5CBB-4AAE-AB2E-D280BF4682DD}.Debug|Any CPU.ActiveCfg = Debug|Any CPU
		{F83FBB17-5CBB-4AAE-AB2E-D280BF4682DD}.Debug|Any CPU.Build.0 = Debug|Any CPU
		{F83FBB17-5CBB-4AAE-AB2E-D280BF4682DD}.Release|Any CPU.ActiveCfg = Release|Any CPU
		{F83FBB17-5CBB-4AAE-AB2E-D280BF4682DD}.Release|Any CPU.Build.0 = Release|Any CPU
		{72FA7BF3-C700-47C3-A7F6-5F514C3A0FFE}.Debug|Any CPU.ActiveCfg = Debug|Any CPU
		{72FA7BF3-C700-47C3-A7F6-5F514C3A0FFE}.Debug|Any CPU.Build.0 = Debug|Any CPU
		{72FA7BF3-C700-47C3-A7F6-5F514C3A0FFE}.Release|Any CPU.ActiveCfg = Release|Any CPU
		{72FA7BF3-C700-47C3-A7F6-5F514C3A0FFE}.Release|Any CPU.Build.0 = Release|Any CPU
	EndGlobalSection
	GlobalSection(SolutionProperties) = preSolution
		HideSolutionNode = FALSE
	EndGlobalSection
	GlobalSection(ExtensibilityGlobals) = postSolution
		SolutionGuid = {6D7F2418-3C88-4B4D-BD7D-7B0FBAD8C847}
	EndGlobalSection
EndGlobal
