
Microsoft Visual Studio Solution File, Format Version 12.00
# Visual Studio 15
VisualStudioVersion = 15.0.27130.2027
MinimumVisualStudioVersion = 10.0.40219.1
Project("{FAE04EC0-301F-11D3-BF4B-00C04F79EFBC}") = "SFA.DAS.Activities.Client", "SFA.DAS.Activities.Client\SFA.DAS.Activities.Client.csproj", "{45344A34-429E-441C-A69C-8D7539353C51}"
EndProject
Project("{FAE04EC0-301F-11D3-BF4B-00C04F79EFBC}") = "SFA.DAS.Activities.UnitTests", "SFA.DAS.Activities.UnitTests\SFA.DAS.Activities.UnitTests.csproj", "{8A50AE9E-F1C0-42B2-856C-D15B31D9CF69}"
EndProject
Project("{FAE04EC0-301F-11D3-BF4B-00C04F79EFBC}") = "SFA.DAS.Activities", "SFA.DAS.Activities\SFA.DAS.Activities.csproj", "{744FDB51-C5FF-4B5B-A380-9CDE153277CF}"
EndProject
Project("{2150E333-8FDC-42A3-9474-1A3956D46DE8}") = "Build", "Build", "{D9956D7A-B36B-486D-B196-A9458243E5DB}"
	ProjectSection(SolutionItems) = preProject
		Build.fsx = Build.fsx
		CustomTargets.fsx = CustomTargets.fsx
		DefaultTargets.fsx = DefaultTargets.fsx
		RunBuild.bat = RunBuild.bat
	EndProjectSection
EndProject
Project("{2150E333-8FDC-42A3-9474-1A3956D46DE8}") = "Tests", "Tests", "{74C33DA3-B914-4460-8E3F-0855B9BE3939}"
EndProject
Project("{FAE04EC0-301F-11D3-BF4B-00C04F79EFBC}") = "SFA.DAS.Activities.AcceptanceTests", "SFA.DAS.Activities.AcceptanceTests\SFA.DAS.Activities.AcceptanceTests.csproj", "{BF163CC2-E2E7-4320-BC7B-DCD980E4B23A}"
EndProject
Project("{FAE04EC0-301F-11D3-BF4B-00C04F79EFBC}") = "SFA.DAS.Activities.IntegrationTests", "SFA.DAS.Activities.IntegrationTests\SFA.DAS.Activities.IntegrationTests.csproj", "{D1B06E53-A92E-4BA7-9472-A5F013B80987}"
EndProject
Project("{FAE04EC0-301F-11D3-BF4B-00C04F79EFBC}") = "SFA.DAS.Activities.Host", "SFA.DAS.Activities.Host\SFA.DAS.Activities.Host.csproj", "{EE04C87B-B2E5-4407-8770-E1EB2CB297EA}"
EndProject
Project("{FAE04EC0-301F-11D3-BF4B-00C04F79EFBC}") = "SFA.DAS.Activities.Jobs", "SFA.DAS.Activities.Jobs\SFA.DAS.Activities.Jobs.csproj", "{59DB7E32-5FA4-47B0-AC7B-D74FF3D67EDC}"
EndProject
Project("{FAE04EC0-301F-11D3-BF4B-00C04F79EFBC}") = "SFA.DAS.Activities.MessageHandlers", "SFA.DAS.Activities.MessageHandlers\SFA.DAS.Activities.MessageHandlers.csproj", "{ED9598CD-DDE8-453C-B36B-68033A453FE6}"
EndProject
Project("{FAE04EC0-301F-11D3-BF4B-00C04F79EFBC}") = "SFA.DAS.Activities.Jobs.Common", "SFA.DAS.Activities.Jobs.Common\SFA.DAS.Activities.Jobs.Common.csproj", "{3399F35B-85FC-400D-B056-84C7E73D827E}"
EndProject
Project("{2150E333-8FDC-42A3-9474-1A3956D46DE8}") = "Solution Items", "Solution Items", "{7BEB42EC-ECEA-409D-A052-CFDA815FE876}"
	ProjectSection(SolutionItems) = preProject
		Cosmos.Configuration.json = Cosmos.Configuration.json
	EndProjectSection
EndProject
Project("{FAE04EC0-301F-11D3-BF4B-00C04F79EFBC}") = "SFA.DAS.Activities.Client.TestHost", "SFA.DAS.Activities.Client.TestHost\SFA.DAS.Activities.Client.TestHost.csproj", "{0EB26A33-02FB-471D-90DF-400914573A62}"
EndProject
Project("{2150E333-8FDC-42A3-9474-1A3956D46DE8}") = "PerformanceTester", "PerformanceTester", "{62A648A4-068D-42E4-A545-720C821A21F9}"
EndProject
Project("{FAE04EC0-301F-11D3-BF4B-00C04F79EFBC}") = "PerformanceTester", "PerformanceTester\PerformanceTester\PerformanceTester.csproj", "{7C3D5B06-8A4F-4FB2-ADA1-7D4B3969C45F}"
EndProject
Project("{FAE04EC0-301F-11D3-BF4B-00C04F79EFBC}") = "PerformanceTester.CosmosDb", "PerformanceTester\PerformanceTester.CosmosDb\PerformanceTester.CosmosDb.csproj", "{116614F6-42A2-4F95-85A8-C9EF94745FE1}"
EndProject
Project("{FAE04EC0-301F-11D3-BF4B-00C04F79EFBC}") = "PerformanceTester.ElasticDb", "PerformanceTester\PerformanceTester.ElasticDb\PerformanceTester.ElasticDb.csproj", "{72FA7BF3-C700-47C3-A7F6-5F514C3A0FFE}"
EndProject
Project("{FAE04EC0-301F-11D3-BF4B-00C04F79EFBC}") = "PerformanceTester.MSSqlDb", "PerformanceTester\PerformanceTester.MSSqlDb\PerformanceTester.MSSqlDb.csproj", "{EB96FAE7-E7DD-4AEA-AC51-9A8A1E2AB829}"
EndProject
Project("{FAE04EC0-301F-11D3-BF4B-00C04F79EFBC}") = "PerformanceTester.Tests", "PerformanceTester\PerformanceTester.Tests\PerformanceTester.Tests.csproj", "{F83FBB17-5CBB-4AAE-AB2E-D280BF4682DD}"
EndProject
Project("{FAE04EC0-301F-11D3-BF4B-00C04F79EFBC}") = "PerformanceTester.Types", "PerformanceTester\PerformanceTester.Types\PerformanceTester.Types.csproj", "{210FFB5D-CEDB-4F3D-93FF-AAD42EC1E67F}"
EndProject
Global
	GlobalSection(SolutionConfigurationPlatforms) = preSolution
		Debug|Any CPU = Debug|Any CPU
		Release|Any CPU = Release|Any CPU
	EndGlobalSection
	GlobalSection(ProjectConfigurationPlatforms) = postSolution
		{45344A34-429E-441C-A69C-8D7539353C51}.Debug|Any CPU.ActiveCfg = Debug|Any CPU
		{45344A34-429E-441C-A69C-8D7539353C51}.Debug|Any CPU.Build.0 = Debug|Any CPU
		{45344A34-429E-441C-A69C-8D7539353C51}.Release|Any CPU.ActiveCfg = Release|Any CPU
		{45344A34-429E-441C-A69C-8D7539353C51}.Release|Any CPU.Build.0 = Release|Any CPU
		{8A50AE9E-F1C0-42B2-856C-D15B31D9CF69}.Debug|Any CPU.ActiveCfg = Debug|Any CPU
		{8A50AE9E-F1C0-42B2-856C-D15B31D9CF69}.Debug|Any CPU.Build.0 = Debug|Any CPU
		{8A50AE9E-F1C0-42B2-856C-D15B31D9CF69}.Release|Any CPU.ActiveCfg = Release|Any CPU
		{8A50AE9E-F1C0-42B2-856C-D15B31D9CF69}.Release|Any CPU.Build.0 = Release|Any CPU
		{744FDB51-C5FF-4B5B-A380-9CDE153277CF}.Debug|Any CPU.ActiveCfg = Debug|Any CPU
		{744FDB51-C5FF-4B5B-A380-9CDE153277CF}.Debug|Any CPU.Build.0 = Debug|Any CPU
		{744FDB51-C5FF-4B5B-A380-9CDE153277CF}.Release|Any CPU.ActiveCfg = Release|Any CPU
		{744FDB51-C5FF-4B5B-A380-9CDE153277CF}.Release|Any CPU.Build.0 = Release|Any CPU
		{BF163CC2-E2E7-4320-BC7B-DCD980E4B23A}.Debug|Any CPU.ActiveCfg = Debug|Any CPU
		{BF163CC2-E2E7-4320-BC7B-DCD980E4B23A}.Debug|Any CPU.Build.0 = Debug|Any CPU
		{BF163CC2-E2E7-4320-BC7B-DCD980E4B23A}.Release|Any CPU.ActiveCfg = Release|Any CPU
		{BF163CC2-E2E7-4320-BC7B-DCD980E4B23A}.Release|Any CPU.Build.0 = Release|Any CPU
		{D1B06E53-A92E-4BA7-9472-A5F013B80987}.Debug|Any CPU.ActiveCfg = Debug|Any CPU
		{D1B06E53-A92E-4BA7-9472-A5F013B80987}.Debug|Any CPU.Build.0 = Debug|Any CPU
		{D1B06E53-A92E-4BA7-9472-A5F013B80987}.Release|Any CPU.ActiveCfg = Release|Any CPU
		{D1B06E53-A92E-4BA7-9472-A5F013B80987}.Release|Any CPU.Build.0 = Release|Any CPU
		{EE04C87B-B2E5-4407-8770-E1EB2CB297EA}.Debug|Any CPU.ActiveCfg = Debug|Any CPU
		{EE04C87B-B2E5-4407-8770-E1EB2CB297EA}.Debug|Any CPU.Build.0 = Debug|Any CPU
		{EE04C87B-B2E5-4407-8770-E1EB2CB297EA}.Release|Any CPU.ActiveCfg = Release|Any CPU
		{EE04C87B-B2E5-4407-8770-E1EB2CB297EA}.Release|Any CPU.Build.0 = Release|Any CPU
		{59DB7E32-5FA4-47B0-AC7B-D74FF3D67EDC}.Debug|Any CPU.ActiveCfg = Debug|Any CPU
		{59DB7E32-5FA4-47B0-AC7B-D74FF3D67EDC}.Debug|Any CPU.Build.0 = Debug|Any CPU
		{59DB7E32-5FA4-47B0-AC7B-D74FF3D67EDC}.Release|Any CPU.ActiveCfg = Release|Any CPU
		{59DB7E32-5FA4-47B0-AC7B-D74FF3D67EDC}.Release|Any CPU.Build.0 = Release|Any CPU
		{ED9598CD-DDE8-453C-B36B-68033A453FE6}.Debug|Any CPU.ActiveCfg = Debug|Any CPU
		{ED9598CD-DDE8-453C-B36B-68033A453FE6}.Debug|Any CPU.Build.0 = Debug|Any CPU
		{ED9598CD-DDE8-453C-B36B-68033A453FE6}.Release|Any CPU.ActiveCfg = Release|Any CPU
		{ED9598CD-DDE8-453C-B36B-68033A453FE6}.Release|Any CPU.Build.0 = Release|Any CPU
		{3399F35B-85FC-400D-B056-84C7E73D827E}.Debug|Any CPU.ActiveCfg = Debug|Any CPU
		{3399F35B-85FC-400D-B056-84C7E73D827E}.Debug|Any CPU.Build.0 = Debug|Any CPU
		{3399F35B-85FC-400D-B056-84C7E73D827E}.Release|Any CPU.ActiveCfg = Release|Any CPU
		{3399F35B-85FC-400D-B056-84C7E73D827E}.Release|Any CPU.Build.0 = Release|Any CPU
		{0EB26A33-02FB-471D-90DF-400914573A62}.Debug|Any CPU.ActiveCfg = Debug|Any CPU
		{0EB26A33-02FB-471D-90DF-400914573A62}.Debug|Any CPU.Build.0 = Debug|Any CPU
		{0EB26A33-02FB-471D-90DF-400914573A62}.Release|Any CPU.ActiveCfg = Release|Any CPU
		{0EB26A33-02FB-471D-90DF-400914573A62}.Release|Any CPU.Build.0 = Release|Any CPU
		{7C3D5B06-8A4F-4FB2-ADA1-7D4B3969C45F}.Debug|Any CPU.ActiveCfg = Debug|Any CPU
		{7C3D5B06-8A4F-4FB2-ADA1-7D4B3969C45F}.Debug|Any CPU.Build.0 = Debug|Any CPU
		{7C3D5B06-8A4F-4FB2-ADA1-7D4B3969C45F}.Release|Any CPU.ActiveCfg = Release|Any CPU
		{7C3D5B06-8A4F-4FB2-ADA1-7D4B3969C45F}.Release|Any CPU.Build.0 = Release|Any CPU
		{116614F6-42A2-4F95-85A8-C9EF94745FE1}.Debug|Any CPU.ActiveCfg = Debug|Any CPU
		{116614F6-42A2-4F95-85A8-C9EF94745FE1}.Debug|Any CPU.Build.0 = Debug|Any CPU
		{116614F6-42A2-4F95-85A8-C9EF94745FE1}.Release|Any CPU.ActiveCfg = Release|Any CPU
		{116614F6-42A2-4F95-85A8-C9EF94745FE1}.Release|Any CPU.Build.0 = Release|Any CPU
		{72FA7BF3-C700-47C3-A7F6-5F514C3A0FFE}.Debug|Any CPU.ActiveCfg = Debug|Any CPU
		{72FA7BF3-C700-47C3-A7F6-5F514C3A0FFE}.Debug|Any CPU.Build.0 = Debug|Any CPU
		{72FA7BF3-C700-47C3-A7F6-5F514C3A0FFE}.Release|Any CPU.ActiveCfg = Release|Any CPU
		{72FA7BF3-C700-47C3-A7F6-5F514C3A0FFE}.Release|Any CPU.Build.0 = Release|Any CPU
		{EB96FAE7-E7DD-4AEA-AC51-9A8A1E2AB829}.Debug|Any CPU.ActiveCfg = Debug|Any CPU
		{EB96FAE7-E7DD-4AEA-AC51-9A8A1E2AB829}.Debug|Any CPU.Build.0 = Debug|Any CPU
		{EB96FAE7-E7DD-4AEA-AC51-9A8A1E2AB829}.Release|Any CPU.ActiveCfg = Release|Any CPU
		{EB96FAE7-E7DD-4AEA-AC51-9A8A1E2AB829}.Release|Any CPU.Build.0 = Release|Any CPU
		{F83FBB17-5CBB-4AAE-AB2E-D280BF4682DD}.Debug|Any CPU.ActiveCfg = Debug|Any CPU
		{F83FBB17-5CBB-4AAE-AB2E-D280BF4682DD}.Debug|Any CPU.Build.0 = Debug|Any CPU
		{F83FBB17-5CBB-4AAE-AB2E-D280BF4682DD}.Release|Any CPU.ActiveCfg = Release|Any CPU
		{F83FBB17-5CBB-4AAE-AB2E-D280BF4682DD}.Release|Any CPU.Build.0 = Release|Any CPU
		{210FFB5D-CEDB-4F3D-93FF-AAD42EC1E67F}.Debug|Any CPU.ActiveCfg = Debug|Any CPU
		{210FFB5D-CEDB-4F3D-93FF-AAD42EC1E67F}.Debug|Any CPU.Build.0 = Debug|Any CPU
		{210FFB5D-CEDB-4F3D-93FF-AAD42EC1E67F}.Release|Any CPU.ActiveCfg = Release|Any CPU
		{210FFB5D-CEDB-4F3D-93FF-AAD42EC1E67F}.Release|Any CPU.Build.0 = Release|Any CPU
	EndGlobalSection
	GlobalSection(SolutionProperties) = preSolution
		HideSolutionNode = FALSE
	EndGlobalSection
	GlobalSection(NestedProjects) = preSolution
		{8A50AE9E-F1C0-42B2-856C-D15B31D9CF69} = {74C33DA3-B914-4460-8E3F-0855B9BE3939}
		{BF163CC2-E2E7-4320-BC7B-DCD980E4B23A} = {74C33DA3-B914-4460-8E3F-0855B9BE3939}
		{D1B06E53-A92E-4BA7-9472-A5F013B80987} = {74C33DA3-B914-4460-8E3F-0855B9BE3939}
		{7C3D5B06-8A4F-4FB2-ADA1-7D4B3969C45F} = {62A648A4-068D-42E4-A545-720C821A21F9}
		{116614F6-42A2-4F95-85A8-C9EF94745FE1} = {62A648A4-068D-42E4-A545-720C821A21F9}
		{72FA7BF3-C700-47C3-A7F6-5F514C3A0FFE} = {62A648A4-068D-42E4-A545-720C821A21F9}
		{EB96FAE7-E7DD-4AEA-AC51-9A8A1E2AB829} = {62A648A4-068D-42E4-A545-720C821A21F9}
		{F83FBB17-5CBB-4AAE-AB2E-D280BF4682DD} = {62A648A4-068D-42E4-A545-720C821A21F9}
		{210FFB5D-CEDB-4F3D-93FF-AAD42EC1E67F} = {62A648A4-068D-42E4-A545-720C821A21F9}
	EndGlobalSection
	GlobalSection(ExtensibilityGlobals) = postSolution
		SolutionGuid = {A2829A30-874F-4C54-ADE5-513E1C2C3A5B}
	EndGlobalSection
EndGlobal
